
Microsoft Visual Studio Solution File, Format Version 12.00
Project("{FAE04EC0-301F-11D3-BF4B-00C04F79EFBC}") = "DSS.Lab1.DecisionTrees.Demo", "DSS.Lab1.DecisionTrees.Demo\DSS.Lab1.DecisionTrees.Demo.csproj", "{D9E92F90-A4A4-43F6-867C-317D6F670B0F}"
EndProject
Project("{FAE04EC0-301F-11D3-BF4B-00C04F79EFBC}") = "DSS.Lab1.DecisionTrees", "DSS.Lab1.DecisionTrees\DSS.Lab1.DecisionTrees.csproj", "{4B69790E-1C06-4E68-B2D9-644CC8ABE207}"
EndProject
Project("{2150E333-8FDC-42A3-9474-1A3956D46DE8}") = "Solution Items", "Solution Items", "{D2E664ED-072E-4F84-B2BA-AD6F77B5FB3D}"
	ProjectSection(SolutionItems) = preProject
		.gitignore = .gitignore
		README.md = README.md
	EndProjectSection
EndProject
Global
	GlobalSection(SolutionConfigurationPlatforms) = preSolution
		Debug|Any CPU = Debug|Any CPU
		Release|Any CPU = Release|Any CPU
	EndGlobalSection
	GlobalSection(ProjectConfigurationPlatforms) = postSolution
		{D9E92F90-A4A4-43F6-867C-317D6F670B0F}.Debug|Any CPU.ActiveCfg = Debug|Any CPU
		{D9E92F90-A4A4-43F6-867C-317D6F670B0F}.Debug|Any CPU.Build.0 = Debug|Any CPU
		{D9E92F90-A4A4-43F6-867C-317D6F670B0F}.Release|Any CPU.ActiveCfg = Release|Any CPU
		{D9E92F90-A4A4-43F6-867C-317D6F670B0F}.Release|Any CPU.Build.0 = Release|Any CPU
		{4B69790E-1C06-4E68-B2D9-644CC8ABE207}.Debug|Any CPU.ActiveCfg = Debug|Any CPU
		{4B69790E-1C06-4E68-B2D9-644CC8ABE207}.Debug|Any CPU.Build.0 = Debug|Any CPU
		{4B69790E-1C06-4E68-B2D9-644CC8ABE207}.Release|Any CPU.ActiveCfg = Release|Any CPU
		{4B69790E-1C06-4E68-B2D9-644CC8ABE207}.Release|Any CPU.Build.0 = Release|Any CPU
	EndGlobalSection
EndGlobal
